// !$*UTF8*$!
{
	archiveVersion = 1;
	classes = {
	};
	objectVersion = 55;
	objects = {

/* Begin PBXBuildFile section */
		46CD48A42891EBBB00DA8BB1 /* CountBarApp.swift in Sources */ = {isa = PBXBuildFile; fileRef = 46CD48A32891EBBB00DA8BB1 /* CountBarApp.swift */; };
		46CD48A62891EBBB00DA8BB1 /* ContentView.swift in Sources */ = {isa = PBXBuildFile; fileRef = 46CD48A52891EBBB00DA8BB1 /* ContentView.swift */; };
		46CD48A82891EBBE00DA8BB1 /* Assets.xcassets in Resources */ = {isa = PBXBuildFile; fileRef = 46CD48A72891EBBE00DA8BB1 /* Assets.xcassets */; };
		46CD48AB2891EBBE00DA8BB1 /* Preview Assets.xcassets in Resources */ = {isa = PBXBuildFile; fileRef = 46CD48AA2891EBBE00DA8BB1 /* Preview Assets.xcassets */; };
		46CD48B62891EBBE00DA8BB1 /* CountBarTests.swift in Sources */ = {isa = PBXBuildFile; fileRef = 46CD48B52891EBBE00DA8BB1 /* CountBarTests.swift */; };
		46CD48C02891EBBE00DA8BB1 /* CountBarUITests.swift in Sources */ = {isa = PBXBuildFile; fileRef = 46CD48BF2891EBBE00DA8BB1 /* CountBarUITests.swift */; };
		46CD48C22891EBBE00DA8BB1 /* CountBarUITestsLaunchTests.swift in Sources */ = {isa = PBXBuildFile; fileRef = 46CD48C12891EBBE00DA8BB1 /* CountBarUITestsLaunchTests.swift */; };
		46CD48D22891FA8200DA8BB1 /* WordCountBar.swift in Sources */ = {isa = PBXBuildFile; fileRef = 46CD48D12891FA8200DA8BB1 /* WordCountBar.swift */; };
/* End PBXBuildFile section */

/* Begin PBXContainerItemProxy section */
		46CD48B22891EBBE00DA8BB1 /* PBXContainerItemProxy */ = {
			isa = PBXContainerItemProxy;
			containerPortal = 46CD48982891EBBB00DA8BB1 /* Project object */;
			proxyType = 1;
			remoteGlobalIDString = 46CD489F2891EBBB00DA8BB1;
			remoteInfo = CountBar;
		};
		46CD48BC2891EBBE00DA8BB1 /* PBXContainerItemProxy */ = {
			isa = PBXContainerItemProxy;
			containerPortal = 46CD48982891EBBB00DA8BB1 /* Project object */;
			proxyType = 1;
			remoteGlobalIDString = 46CD489F2891EBBB00DA8BB1;
			remoteInfo = CountBar;
		};
/* End PBXContainerItemProxy section */

/* Begin PBXFileReference section */
		46CD48A02891EBBB00DA8BB1 /* CountBar.app */ = {isa = PBXFileReference; explicitFileType = wrapper.application; includeInIndex = 0; path = CountBar.app; sourceTree = BUILT_PRODUCTS_DIR; };
		46CD48A32891EBBB00DA8BB1 /* CountBarApp.swift */ = {isa = PBXFileReference; lastKnownFileType = sourcecode.swift; path = CountBarApp.swift; sourceTree = "<group>"; };
		46CD48A52891EBBB00DA8BB1 /* ContentView.swift */ = {isa = PBXFileReference; lastKnownFileType = sourcecode.swift; path = ContentView.swift; sourceTree = "<group>"; };
		46CD48A72891EBBE00DA8BB1 /* Assets.xcassets */ = {isa = PBXFileReference; lastKnownFileType = folder.assetcatalog; path = Assets.xcassets; sourceTree = "<group>"; };
		46CD48AA2891EBBE00DA8BB1 /* Preview Assets.xcassets */ = {isa = PBXFileReference; lastKnownFileType = folder.assetcatalog; path = "Preview Assets.xcassets"; sourceTree = "<group>"; };
		46CD48AC2891EBBE00DA8BB1 /* CountBar.entitlements */ = {isa = PBXFileReference; lastKnownFileType = text.plist.entitlements; path = CountBar.entitlements; sourceTree = "<group>"; };
		46CD48B12891EBBE00DA8BB1 /* CountBarTests.xctest */ = {isa = PBXFileReference; explicitFileType = wrapper.cfbundle; includeInIndex = 0; path = CountBarTests.xctest; sourceTree = BUILT_PRODUCTS_DIR; };
		46CD48B52891EBBE00DA8BB1 /* CountBarTests.swift */ = {isa = PBXFileReference; lastKnownFileType = sourcecode.swift; path = CountBarTests.swift; sourceTree = "<group>"; };
		46CD48BB2891EBBE00DA8BB1 /* CountBarUITests.xctest */ = {isa = PBXFileReference; explicitFileType = wrapper.cfbundle; includeInIndex = 0; path = CountBarUITests.xctest; sourceTree = BUILT_PRODUCTS_DIR; };
		46CD48BF2891EBBE00DA8BB1 /* CountBarUITests.swift */ = {isa = PBXFileReference; lastKnownFileType = sourcecode.swift; path = CountBarUITests.swift; sourceTree = "<group>"; };
		46CD48C12891EBBE00DA8BB1 /* CountBarUITestsLaunchTests.swift */ = {isa = PBXFileReference; lastKnownFileType = sourcecode.swift; path = CountBarUITestsLaunchTests.swift; sourceTree = "<group>"; };
		46CD48D02891F9BB00DA8BB1 /* Info.plist */ = {isa = PBXFileReference; lastKnownFileType = text.plist; path = Info.plist; sourceTree = "<group>"; };
		46CD48D12891FA8200DA8BB1 /* WordCountBar.swift */ = {isa = PBXFileReference; fileEncoding = 4; lastKnownFileType = sourcecode.swift; name = WordCountBar.swift; path = ../../../../.Trash/WordCountBar.swift; sourceTree = "<group>"; };
/* End PBXFileReference section */

/* Begin PBXFrameworksBuildPhase section */
		46CD489D2891EBBB00DA8BB1 /* Frameworks */ = {
			isa = PBXFrameworksBuildPhase;
			buildActionMask = 2147483647;
			files = (
			);
			runOnlyForDeploymentPostprocessing = 0;
		};
		46CD48AE2891EBBE00DA8BB1 /* Frameworks */ = {
			isa = PBXFrameworksBuildPhase;
			buildActionMask = 2147483647;
			files = (
			);
			runOnlyForDeploymentPostprocessing = 0;
		};
		46CD48B82891EBBE00DA8BB1 /* Frameworks */ = {
			isa = PBXFrameworksBuildPhase;
			buildActionMask = 2147483647;
			files = (
			);
			runOnlyForDeploymentPostprocessing = 0;
		};
/* End PBXFrameworksBuildPhase section */

/* Begin PBXGroup section */
		46CD48972891EBBB00DA8BB1 = {
			isa = PBXGroup;
			children = (
				46CD48A22891EBBB00DA8BB1 /* CountBar */,
				46CD48B42891EBBE00DA8BB1 /* CountBarTests */,
				46CD48BE2891EBBE00DA8BB1 /* CountBarUITests */,
				46CD48A12891EBBB00DA8BB1 /* Products */,
			);
			sourceTree = "<group>";
		};
		46CD48A12891EBBB00DA8BB1 /* Products */ = {
			isa = PBXGroup;
			children = (
				46CD48A02891EBBB00DA8BB1 /* CountBar.app */,
				46CD48B12891EBBE00DA8BB1 /* CountBarTests.xctest */,
				46CD48BB2891EBBE00DA8BB1 /* CountBarUITests.xctest */,
			);
			name = Products;
			sourceTree = "<group>";
		};
		46CD48A22891EBBB00DA8BB1 /* CountBar */ = {
			isa = PBXGroup;
			children = (
				46CD48D02891F9BB00DA8BB1 /* Info.plist */,
				46CD48A32891EBBB00DA8BB1 /* CountBarApp.swift */,
				46CD48A52891EBBB00DA8BB1 /* ContentView.swift */,
				46CD48A72891EBBE00DA8BB1 /* Assets.xcassets */,
				46CD48D12891FA8200DA8BB1 /* WordCountBar.swift */,
				46CD48AC2891EBBE00DA8BB1 /* CountBar.entitlements */,
				46CD48A92891EBBE00DA8BB1 /* Preview Content */,
			);
			path = CountBar;
			sourceTree = "<group>";
		};
		46CD48A92891EBBE00DA8BB1 /* Preview Content */ = {
			isa = PBXGroup;
			children = (
				46CD48AA2891EBBE00DA8BB1 /* Preview Assets.xcassets */,
			);
			path = "Preview Content";
			sourceTree = "<group>";
		};
		46CD48B42891EBBE00DA8BB1 /* CountBarTests */ = {
			isa = PBXGroup;
			children = (
				46CD48B52891EBBE00DA8BB1 /* CountBarTests.swift */,
			);
			path = CountBarTests;
			sourceTree = "<group>";
		};
		46CD48BE2891EBBE00DA8BB1 /* CountBarUITests */ = {
			isa = PBXGroup;
			children = (
				46CD48BF2891EBBE00DA8BB1 /* CountBarUITests.swift */,
				46CD48C12891EBBE00DA8BB1 /* CountBarUITestsLaunchTests.swift */,
			);
			path = CountBarUITests;
			sourceTree = "<group>";
		};
/* End PBXGroup section */

/* Begin PBXNativeTarget section */
		46CD489F2891EBBB00DA8BB1 /* CountBar */ = {
			isa = PBXNativeTarget;
			buildConfigurationList = 46CD48C52891EBBE00DA8BB1 /* Build configuration list for PBXNativeTarget "CountBar" */;
			buildPhases = (
				46CD489C2891EBBB00DA8BB1 /* Sources */,
				46CD489D2891EBBB00DA8BB1 /* Frameworks */,
				46CD489E2891EBBB00DA8BB1 /* Resources */,
			);
			buildRules = (
			);
			dependencies = (
			);
			name = CountBar;
			productName = CountBar;
			productReference = 46CD48A02891EBBB00DA8BB1 /* CountBar.app */;
			productType = "com.apple.product-type.application";
		};
		46CD48B02891EBBE00DA8BB1 /* CountBarTests */ = {
			isa = PBXNativeTarget;
			buildConfigurationList = 46CD48C82891EBBE00DA8BB1 /* Build configuration list for PBXNativeTarget "CountBarTests" */;
			buildPhases = (
				46CD48AD2891EBBE00DA8BB1 /* Sources */,
				46CD48AE2891EBBE00DA8BB1 /* Frameworks */,
				46CD48AF2891EBBE00DA8BB1 /* Resources */,
			);
			buildRules = (
			);
			dependencies = (
				46CD48B32891EBBE00DA8BB1 /* PBXTargetDependency */,
			);
			name = CountBarTests;
			productName = CountBarTests;
			productReference = 46CD48B12891EBBE00DA8BB1 /* CountBarTests.xctest */;
			productType = "com.apple.product-type.bundle.unit-test";
		};
		46CD48BA2891EBBE00DA8BB1 /* CountBarUITests */ = {
			isa = PBXNativeTarget;
			buildConfigurationList = 46CD48CB2891EBBE00DA8BB1 /* Build configuration list for PBXNativeTarget "CountBarUITests" */;
			buildPhases = (
				46CD48B72891EBBE00DA8BB1 /* Sources */,
				46CD48B82891EBBE00DA8BB1 /* Frameworks */,
				46CD48B92891EBBE00DA8BB1 /* Resources */,
			);
			buildRules = (
			);
			dependencies = (
				46CD48BD2891EBBE00DA8BB1 /* PBXTargetDependency */,
			);
			name = CountBarUITests;
			productName = CountBarUITests;
			productReference = 46CD48BB2891EBBE00DA8BB1 /* CountBarUITests.xctest */;
			productType = "com.apple.product-type.bundle.ui-testing";
		};
/* End PBXNativeTarget section */

/* Begin PBXProject section */
		46CD48982891EBBB00DA8BB1 /* Project object */ = {
			isa = PBXProject;
			attributes = {
				BuildIndependentTargetsInParallel = 1;
				LastSwiftUpdateCheck = 1340;
				LastUpgradeCheck = 1340;
				TargetAttributes = {
					46CD489F2891EBBB00DA8BB1 = {
						CreatedOnToolsVersion = 13.4.1;
					};
					46CD48B02891EBBE00DA8BB1 = {
						CreatedOnToolsVersion = 13.4.1;
						TestTargetID = 46CD489F2891EBBB00DA8BB1;
					};
					46CD48BA2891EBBE00DA8BB1 = {
						CreatedOnToolsVersion = 13.4.1;
						TestTargetID = 46CD489F2891EBBB00DA8BB1;
					};
				};
			};
			buildConfigurationList = 46CD489B2891EBBB00DA8BB1 /* Build configuration list for PBXProject "CountBar" */;
			compatibilityVersion = "Xcode 13.0";
			developmentRegion = en;
			hasScannedForEncodings = 0;
			knownRegions = (
				en,
				Base,
			);
			mainGroup = 46CD48972891EBBB00DA8BB1;
			productRefGroup = 46CD48A12891EBBB00DA8BB1 /* Products */;
			projectDirPath = "";
			projectRoot = "";
			targets = (
				46CD489F2891EBBB00DA8BB1 /* CountBar */,
				46CD48B02891EBBE00DA8BB1 /* CountBarTests */,
				46CD48BA2891EBBE00DA8BB1 /* CountBarUITests */,
			);
		};
/* End PBXProject section */

/* Begin PBXResourcesBuildPhase section */
		46CD489E2891EBBB00DA8BB1 /* Resources */ = {
			isa = PBXResourcesBuildPhase;
			buildActionMask = 2147483647;
			files = (
				46CD48AB2891EBBE00DA8BB1 /* Preview Assets.xcassets in Resources */,
				46CD48A82891EBBE00DA8BB1 /* Assets.xcassets in Resources */,
			);
			runOnlyForDeploymentPostprocessing = 0;
		};
		46CD48AF2891EBBE00DA8BB1 /* Resources */ = {
			isa = PBXResourcesBuildPhase;
			buildActionMask = 2147483647;
			files = (
			);
			runOnlyForDeploymentPostprocessing = 0;
		};
		46CD48B92891EBBE00DA8BB1 /* Resources */ = {
			isa = PBXResourcesBuildPhase;
			buildActionMask = 2147483647;
			files = (
			);
			runOnlyForDeploymentPostprocessing = 0;
		};
/* End PBXResourcesBuildPhase section */

/* Begin PBXSourcesBuildPhase section */
		46CD489C2891EBBB00DA8BB1 /* Sources */ = {
			isa = PBXSourcesBuildPhase;
			buildActionMask = 2147483647;
			files = (
				46CD48A62891EBBB00DA8BB1 /* ContentView.swift in Sources */,
				46CD48D22891FA8200DA8BB1 /* WordCountBar.swift in Sources */,
				46CD48A42891EBBB00DA8BB1 /* CountBarApp.swift in Sources */,
			);
			runOnlyForDeploymentPostprocessing = 0;
		};
		46CD48AD2891EBBE00DA8BB1 /* Sources */ = {
			isa = PBXSourcesBuildPhase;
			buildActionMask = 2147483647;
			files = (
				46CD48B62891EBBE00DA8BB1 /* CountBarTests.swift in Sources */,
			);
			runOnlyForDeploymentPostprocessing = 0;
		};
		46CD48B72891EBBE00DA8BB1 /* Sources */ = {
			isa = PBXSourcesBuildPhase;
			buildActionMask = 2147483647;
			files = (
				46CD48C22891EBBE00DA8BB1 /* CountBarUITestsLaunchTests.swift in Sources */,
				46CD48C02891EBBE00DA8BB1 /* CountBarUITests.swift in Sources */,
			);
			runOnlyForDeploymentPostprocessing = 0;
		};
/* End PBXSourcesBuildPhase section */

/* Begin PBXTargetDependency section */
		46CD48B32891EBBE00DA8BB1 /* PBXTargetDependency */ = {
			isa = PBXTargetDependency;
			target = 46CD489F2891EBBB00DA8BB1 /* CountBar */;
			targetProxy = 46CD48B22891EBBE00DA8BB1 /* PBXContainerItemProxy */;
		};
		46CD48BD2891EBBE00DA8BB1 /* PBXTargetDependency */ = {
			isa = PBXTargetDependency;
			target = 46CD489F2891EBBB00DA8BB1 /* CountBar */;
			targetProxy = 46CD48BC2891EBBE00DA8BB1 /* PBXContainerItemProxy */;
		};
/* End PBXTargetDependency section */

/* Begin XCBuildConfiguration section */
		46CD48C32891EBBE00DA8BB1 /* Debug */ = {
			isa = XCBuildConfiguration;
			buildSettings = {
				ALWAYS_SEARCH_USER_PATHS = NO;
				CLANG_ANALYZER_NONNULL = YES;
				CLANG_ANALYZER_NUMBER_OBJECT_CONVERSION = YES_AGGRESSIVE;
				CLANG_CXX_LANGUAGE_STANDARD = "gnu++17";
				CLANG_ENABLE_MODULES = YES;
				CLANG_ENABLE_OBJC_ARC = YES;
				CLANG_ENABLE_OBJC_WEAK = YES;
				CLANG_WARN_BLOCK_CAPTURE_AUTORELEASING = YES;
				CLANG_WARN_BOOL_CONVERSION = YES;
				CLANG_WARN_COMMA = YES;
				CLANG_WARN_CONSTANT_CONVERSION = YES;
				CLANG_WARN_DEPRECATED_OBJC_IMPLEMENTATIONS = YES;
				CLANG_WARN_DIRECT_OBJC_ISA_USAGE = YES_ERROR;
				CLANG_WARN_DOCUMENTATION_COMMENTS = YES;
				CLANG_WARN_EMPTY_BODY = YES;
				CLANG_WARN_ENUM_CONVERSION = YES;
				CLANG_WARN_INFINITE_RECURSION = YES;
				CLANG_WARN_INT_CONVERSION = YES;
				CLANG_WARN_NON_LITERAL_NULL_CONVERSION = YES;
				CLANG_WARN_OBJC_IMPLICIT_RETAIN_SELF = YES;
				CLANG_WARN_OBJC_LITERAL_CONVERSION = YES;
				CLANG_WARN_OBJC_ROOT_CLASS = YES_ERROR;
				CLANG_WARN_QUOTED_INCLUDE_IN_FRAMEWORK_HEADER = YES;
				CLANG_WARN_RANGE_LOOP_ANALYSIS = YES;
				CLANG_WARN_STRICT_PROTOTYPES = YES;
				CLANG_WARN_SUSPICIOUS_MOVE = YES;
				CLANG_WARN_UNGUARDED_AVAILABILITY = YES_AGGRESSIVE;
				CLANG_WARN_UNREACHABLE_CODE = YES;
				CLANG_WARN__DUPLICATE_METHOD_MATCH = YES;
				COPY_PHASE_STRIP = NO;
				DEBUG_INFORMATION_FORMAT = dwarf;
				ENABLE_STRICT_OBJC_MSGSEND = YES;
				ENABLE_TESTABILITY = YES;
				GCC_C_LANGUAGE_STANDARD = gnu11;
				GCC_DYNAMIC_NO_PIC = NO;
				GCC_NO_COMMON_BLOCKS = YES;
				GCC_OPTIMIZATION_LEVEL = 0;
				GCC_PREPROCESSOR_DEFINITIONS = (
					"DEBUG=1",
					"$(inherited)",
				);
				GCC_WARN_64_TO_32_BIT_CONVERSION = YES;
				GCC_WARN_ABOUT_RETURN_TYPE = YES_ERROR;
				GCC_WARN_UNDECLARED_SELECTOR = YES;
				GCC_WARN_UNINITIALIZED_AUTOS = YES_AGGRESSIVE;
				GCC_WARN_UNUSED_FUNCTION = YES;
				GCC_WARN_UNUSED_VARIABLE = YES;
				MACOSX_DEPLOYMENT_TARGET = 12.3;
				MTL_ENABLE_DEBUG_INFO = INCLUDE_SOURCE;
				MTL_FAST_MATH = YES;
				ONLY_ACTIVE_ARCH = YES;
				SDKROOT = macosx;
				SWIFT_ACTIVE_COMPILATION_CONDITIONS = DEBUG;
				SWIFT_OPTIMIZATION_LEVEL = "-Onone";
			};
			name = Debug;
		};
		46CD48C42891EBBE00DA8BB1 /* Release */ = {
			isa = XCBuildConfiguration;
			buildSettings = {
				ALWAYS_SEARCH_USER_PATHS = NO;
				CLANG_ANALYZER_NONNULL = YES;
				CLANG_ANALYZER_NUMBER_OBJECT_CONVERSION = YES_AGGRESSIVE;
				CLANG_CXX_LANGUAGE_STANDARD = "gnu++17";
				CLANG_ENABLE_MODULES = YES;
				CLANG_ENABLE_OBJC_ARC = YES;
				CLANG_ENABLE_OBJC_WEAK = YES;
				CLANG_WARN_BLOCK_CAPTURE_AUTORELEASING = YES;
				CLANG_WARN_BOOL_CONVERSION = YES;
				CLANG_WARN_COMMA = YES;
				CLANG_WARN_CONSTANT_CONVERSION = YES;
				CLANG_WARN_DEPRECATED_OBJC_IMPLEMENTATIONS = YES;
				CLANG_WARN_DIRECT_OBJC_ISA_USAGE = YES_ERROR;
				CLANG_WARN_DOCUMENTATION_COMMENTS = YES;
				CLANG_WARN_EMPTY_BODY = YES;
				CLANG_WARN_ENUM_CONVERSION = YES;
				CLANG_WARN_INFINITE_RECURSION = YES;
				CLANG_WARN_INT_CONVERSION = YES;
				CLANG_WARN_NON_LITERAL_NULL_CONVERSION = YES;
				CLANG_WARN_OBJC_IMPLICIT_RETAIN_SELF = YES;
				CLANG_WARN_OBJC_LITERAL_CONVERSION = YES;
				CLANG_WARN_OBJC_ROOT_CLASS = YES_ERROR;
				CLANG_WARN_QUOTED_INCLUDE_IN_FRAMEWORK_HEADER = YES;
				CLANG_WARN_RANGE_LOOP_ANALYSIS = YES;
				CLANG_WARN_STRICT_PROTOTYPES = YES;
				CLANG_WARN_SUSPICIOUS_MOVE = YES;
				CLANG_WARN_UNGUARDED_AVAILABILITY = YES_AGGRESSIVE;
				CLANG_WARN_UNREACHABLE_CODE = YES;
				CLANG_WARN__DUPLICATE_METHOD_MATCH = YES;
				COPY_PHASE_STRIP = NO;
				DEBUG_INFORMATION_FORMAT = "dwarf-with-dsym";
				ENABLE_NS_ASSERTIONS = NO;
				ENABLE_STRICT_OBJC_MSGSEND = YES;
				GCC_C_LANGUAGE_STANDARD = gnu11;
				GCC_NO_COMMON_BLOCKS = YES;
				GCC_WARN_64_TO_32_BIT_CONVERSION = YES;
				GCC_WARN_ABOUT_RETURN_TYPE = YES_ERROR;
				GCC_WARN_UNDECLARED_SELECTOR = YES;
				GCC_WARN_UNINITIALIZED_AUTOS = YES_AGGRESSIVE;
				GCC_WARN_UNUSED_FUNCTION = YES;
				GCC_WARN_UNUSED_VARIABLE = YES;
				MACOSX_DEPLOYMENT_TARGET = 12.3;
				MTL_ENABLE_DEBUG_INFO = NO;
				MTL_FAST_MATH = YES;
				SDKROOT = macosx;
				SWIFT_COMPILATION_MODE = wholemodule;
				SWIFT_OPTIMIZATION_LEVEL = "-O";
			};
			name = Release;
		};
		46CD48C62891EBBE00DA8BB1 /* Debug */ = {
			isa = XCBuildConfiguration;
			buildSettings = {
				ASSETCATALOG_COMPILER_APPICON_NAME = AppIcon;
				ASSETCATALOG_COMPILER_GLOBAL_ACCENT_COLOR_NAME = AccentColor;
				CODE_SIGN_ENTITLEMENTS = CountBar/CountBar.entitlements;
				CODE_SIGN_STYLE = Automatic;
				COMBINE_HIDPI_IMAGES = YES;
				CURRENT_PROJECT_VERSION = 1;
				DEVELOPMENT_ASSET_PATHS = "\"CountBar/Preview Content\"";
				DEVELOPMENT_TEAM = AQY6ZVQPPM;
				ENABLE_HARDENED_RUNTIME = YES;
				ENABLE_PREVIEWS = YES;
				GENERATE_INFOPLIST_FILE = YES;
				INFOPLIST_FILE = CountBar/Info.plist;
				INFOPLIST_KEY_NSHumanReadableCopyright = "";
				LD_RUNPATH_SEARCH_PATHS = (
					"$(inherited)",
					"@executable_path/../Frameworks",
				);
				MARKETING_VERSION = 1.0;
				PRODUCT_BUNDLE_IDENTIFIER = RonSkons.CountBar;
				PRODUCT_NAME = "$(TARGET_NAME)";
				SWIFT_EMIT_LOC_STRINGS = YES;
				SWIFT_VERSION = 5.0;
			};
			name = Debug;
		};
		46CD48C72891EBBE00DA8BB1 /* Release */ = {
			isa = XCBuildConfiguration;
			buildSettings = {
				ASSETCATALOG_COMPILER_APPICON_NAME = AppIcon;
				ASSETCATALOG_COMPILER_GLOBAL_ACCENT_COLOR_NAME = AccentColor;
				CODE_SIGN_ENTITLEMENTS = CountBar/CountBar.entitlements;
				CODE_SIGN_STYLE = Automatic;
				COMBINE_HIDPI_IMAGES = YES;
				CURRENT_PROJECT_VERSION = 1;
				DEVELOPMENT_ASSET_PATHS = "\"CountBar/Preview Content\"";
				DEVELOPMENT_TEAM = AQY6ZVQPPM;
				ENABLE_HARDENED_RUNTIME = YES;
				ENABLE_PREVIEWS = YES;
				GENERATE_INFOPLIST_FILE = YES;
				INFOPLIST_FILE = CountBar/Info.plist;
				INFOPLIST_KEY_NSHumanReadableCopyright = "";
				LD_RUNPATH_SEARCH_PATHS = (
					"$(inherited)",
					"@executable_path/../Frameworks",
				);
				MARKETING_VERSION = 1.0;
				PRODUCT_BUNDLE_IDENTIFIER = RonSkons.CountBar;
				PRODUCT_NAME = "$(TARGET_NAME)";
				SWIFT_EMIT_LOC_STRINGS = YES;
				SWIFT_VERSION = 5.0;
			};
			name = Release;
		};
		46CD48C92891EBBE00DA8BB1 /* Debug */ = {
			isa = XCBuildConfiguration;
			buildSettings = {
				ALWAYS_EMBED_SWIFT_STANDARD_LIBRARIES = YES;
				BUNDLE_LOADER = "$(TEST_HOST)";
				CODE_SIGN_STYLE = Automatic;
				CURRENT_PROJECT_VERSION = 1;
				DEVELOPMENT_TEAM = AQY6ZVQPPM;
				GENERATE_INFOPLIST_FILE = YES;
				MACOSX_DEPLOYMENT_TARGET = 12.3;
				MARKETING_VERSION = 1.0;
				PRODUCT_BUNDLE_IDENTIFIER = RonSkons.CountBarTests;
				PRODUCT_NAME = "$(TARGET_NAME)";
				SWIFT_EMIT_LOC_STRINGS = NO;
				SWIFT_VERSION = 5.0;
				TEST_HOST = "$(BUILT_PRODUCTS_DIR)/CountBar.app/Contents/MacOS/CountBar";
			};
			name = Debug;
		};
		46CD48CA2891EBBE00DA8BB1 /* Release */ = {
			isa = XCBuildConfiguration;
			buildSettings = {
				ALWAYS_EMBED_SWIFT_STANDARD_LIBRARIES = YES;
				BUNDLE_LOADER = "$(TEST_HOST)";
				CODE_SIGN_STYLE = Automatic;
				CURRENT_PROJECT_VERSION = 1;
				DEVELOPMENT_TEAM = AQY6ZVQPPM;
				GENERATE_INFOPLIST_FILE = YES;
				MACOSX_DEPLOYMENT_TARGET = 12.3;
				MARKETING_VERSION = 1.0;
				PRODUCT_BUNDLE_IDENTIFIER = RonSkons.CountBarTests;
				PRODUCT_NAME = "$(TARGET_NAME)";
				SWIFT_EMIT_LOC_STRINGS = NO;
				SWIFT_VERSION = 5.0;
				TEST_HOST = "$(BUILT_PRODUCTS_DIR)/CountBar.app/Contents/MacOS/CountBar";
			};
			name = Release;
		};
		46CD48CC2891EBBE00DA8BB1 /* Debug */ = {
			isa = XCBuildConfiguration;
			buildSettings = {
				ALWAYS_EMBED_SWIFT_STANDARD_LIBRARIES = YES;
				CODE_SIGN_STYLE = Automatic;
				CURRENT_PROJECT_VERSION = 1;
				DEVELOPMENT_TEAM = AQY6ZVQPPM;
				GENERATE_INFOPLIST_FILE = YES;
				MARKETING_VERSION = 1.0;
				PRODUCT_BUNDLE_IDENTIFIER = RonSkons.CountBarUITests;
				PRODUCT_NAME = "$(TARGET_NAME)";
				SWIFT_EMIT_LOC_STRINGS = NO;
				SWIFT_VERSION = 5.0;
				TEST_TARGET_NAME = CountBar;
			};
			name = Debug;
		};
		46CD48CD2891EBBE00DA8BB1 /* Release */ = {
			isa = XCBuildConfiguration;
			buildSettings = {
				ALWAYS_EMBED_SWIFT_STANDARD_LIBRARIES = YES;
				CODE_SIGN_STYLE = Automatic;
				CURRENT_PROJECT_VERSION = 1;
				DEVELOPMENT_TEAM = AQY6ZVQPPM;
				GENERATE_INFOPLIST_FILE = YES;
				MARKETING_VERSION = 1.0;
				PRODUCT_BUNDLE_IDENTIFIER = RonSkons.CountBarUITests;
				PRODUCT_NAME = "$(TARGET_NAME)";
				SWIFT_EMIT_LOC_STRINGS = NO;
				SWIFT_VERSION = 5.0;
				TEST_TARGET_NAME = CountBar;
			};
			name = Release;
		};
/* End XCBuildConfiguration section */

/* Begin XCConfigurationList section */
		46CD489B2891EBBB00DA8BB1 /* Build configuration list for PBXProject "CountBar" */ = {
			isa = XCConfigurationList;
			buildConfigurations = (
				46CD48C32891EBBE00DA8BB1 /* Debug */,
				46CD48C42891EBBE00DA8BB1 /* Release */,
			);
			defaultConfigurationIsVisible = 0;
			defaultConfigurationName = Release;
		};
		46CD48C52891EBBE00DA8BB1 /* Build configuration list for PBXNativeTarget "CountBar" */ = {
			isa = XCConfigurationList;
			buildConfigurations = (
				46CD48C62891EBBE00DA8BB1 /* Debug */,
				46CD48C72891EBBE00DA8BB1 /* Release */,
			);
			defaultConfigurationIsVisible = 0;
			defaultConfigurationName = Release;
		};
		46CD48C82891EBBE00DA8BB1 /* Build configuration list for PBXNativeTarget "CountBarTests" */ = {
			isa = XCConfigurationList;
			buildConfigurations = (
				46CD48C92891EBBE00DA8BB1 /* Debug */,
				46CD48CA2891EBBE00DA8BB1 /* Release */,
			);
			defaultConfigurationIsVisible = 0;
			defaultConfigurationName = Release;
		};
		46CD48CB2891EBBE00DA8BB1 /* Build configuration list for PBXNativeTarget "CountBarUITests" */ = {
			isa = XCConfigurationList;
			buildConfigurations = (
				46CD48CC2891EBBE00DA8BB1 /* Debug */,
				46CD48CD2891EBBE00DA8BB1 /* Release */,
			);
			defaultConfigurationIsVisible = 0;
			defaultConfigurationName = Release;
		};
/* End XCConfigurationList section */
	};
	rootObject = 46CD48982891EBBB00DA8BB1 /* Project object */;
}
